
Microsoft Visual Studio Solution File, Format Version 12.00
# Visual Studio Version 17
VisualStudioVersion = 17.10.34928.147
MinimumVisualStudioVersion = 10.0.40219.1
Project("{FAE04EC0-301F-11D3-BF4B-00C04F79EFBC}") = "LP2", "LP2\LP2.csproj", "{B4CC1520-9C16-46D2-BE8F-EA3E3AD568BF}"
EndProject
Global
	GlobalSection(SolutionConfigurationPlatforms) = preSolution
		Debug|Any CPU = Debug|Any CPU
		Release|Any CPU = Release|Any CPU
	EndGlobalSection
	GlobalSection(ProjectConfigurationPlatforms) = postSolution
		{B4CC1520-9C16-46D2-BE8F-EA3E3AD568BF}.Debug|Any CPU.ActiveCfg = Debug|Any CPU
		{B4CC1520-9C16-46D2-BE8F-EA3E3AD568BF}.Debug|Any CPU.Build.0 = Debug|Any CPU
		{B4CC1520-9C16-46D2-BE8F-EA3E3AD568BF}.Release|Any CPU.ActiveCfg = Release|Any CPU
		{B4CC1520-9C16-46D2-BE8F-EA3E3AD568BF}.Release|Any CPU.Build.0 = Release|Any CPU
	EndGlobalSection
	GlobalSection(SolutionProperties) = preSolution
		HideSolutionNode = FALSE
	EndGlobalSection
	GlobalSection(ExtensibilityGlobals) = postSolution
		SolutionGuid = {385FB329-48CA-4385-A9E3-802D6CD76DA3}
	EndGlobalSection
EndGlobal
